# This file is @generated by PDM.
# It is not intended for manual editing.

[metadata]
groups = ["default"]
strategy = ["inherit_metadata"]
lock_version = "4.5.0"
content_hash = "sha256:0da162353def001236540182f34f1789e89c7bc7897ece61749bf3155a7e8d35"

[[metadata.targets]]
requires_python = ">=3.13"
