# This file is @generated by PDM.
# It is not intended for manual editing.

[metadata]
groups = ["default", "lint", "test"]
strategy = []
lock_version = "4.5.0"
content_hash = "sha256:c9ec7893d0d5b33ccd6e0c01bd0ae1fc2f79af81159940c1a3f9a4c505445f36"

[[metadata.targets]]
requires_python = ">=3.13"

[[package]]
name = "autopep8"
version = "2.3.2"
summary = ""
dependencies = [
    "pycodestyle",
]
files = [
    {file = "autopep8-2.3.2-py2.py3-none-any.whl", hash = "sha256:ce8ad498672c845a0c3de2629c15b635ec2b05ef8177a6e7c91c74f3e9b51128"},
    {file = "autopep8-2.3.2.tar.gz", hash = "sha256:89440a4f969197b69a995e4ce0661b031f455a9f776d2c5ba3dbd83466931758"},
]

[[package]]
name = "click"
version = "8.2.1"
summary = ""
dependencies = [
    "colorama; sys_platform == \"win32\"",
]
files = [
    {file = "click-8.2.1-py3-none-any.whl", hash = "sha256:61a3265b914e850b85317d0b3109c7f8cd35a670f963866005d6ef1d5175a12b"},
    {file = "click-8.2.1.tar.gz", hash = "sha256:27c491cc05d968d271d5a1db13e3b5a184636d9d930f148c50b038f0d0646202"},
]

[[package]]
name = "colorama"
version = "0.4.6"
summary = ""
files = [
    {file = "colorama-0.4.6-py2.py3-none-any.whl", hash = "sha256:4f1d9991f5acc0ca119f9d443620b77f9d6b33703e51011c16baf57afb285fc6"},
    {file = "colorama-0.4.6.tar.gz", hash = "sha256:08695f5cb7ed6e0531a20572697297273c47b8cae5a63ffc6d6ed5c201be6e44"},
]

[[package]]
name = "contourpy"
version = "1.3.2"
summary = ""
dependencies = [
    "numpy",
]
files = [
    {file = "contourpy-1.3.2-cp313-cp313-macosx_10_13_x86_64.whl", hash = "sha256:de39db2604ae755316cb5967728f4bea92685884b1e767b7c24e983ef5f771cb"},
    {file = "contourpy-1.3.2-cp313-cp313-macosx_11_0_arm64.whl", hash = "sha256:3f9e896f447c5c8618f1edb2bafa9a4030f22a575ec418ad70611450720b5b08"},
    {file = "contourpy-1.3.2-cp313-cp313-manylinux_2_17_aarch64.manylinux2014_aarch64.whl", hash = "sha256:71e2bd4a1c4188f5c2b8d274da78faab884b59df20df63c34f74aa1813c4427c"},
    {file = "contourpy-1.3.2-cp313-cp313-manylinux_2_17_ppc64le.manylinux2014_ppc64le.whl", hash = "sha256:de425af81b6cea33101ae95ece1f696af39446db9682a0b56daaa48cfc29f38f"},
    {file = "contourpy-1.3.2-cp313-cp313-manylinux_2_17_s390x.manylinux2014_s390x.whl", hash = "sha256:977e98a0e0480d3fe292246417239d2d45435904afd6d7332d8455981c408b85"},
    {file = "contourpy-1.3.2-cp313-cp313-manylinux_2_17_x86_64.manylinux2014_x86_64.whl", hash = "sha256:434f0adf84911c924519d2b08fc10491dd282b20bdd3fa8f60fd816ea0b48841"},
    {file = "contourpy-1.3.2-cp313-cp313-musllinux_1_2_aarch64.whl", hash = "sha256:c66c4906cdbc50e9cba65978823e6e00b45682eb09adbb78c9775b74eb222422"},
    {file = "contourpy-1.3.2-cp313-cp313-musllinux_1_2_x86_64.whl", hash = "sha256:8b7fc0cd78ba2f4695fd0a6ad81a19e7e3ab825c31b577f384aa9d7817dc3bef"},
    {file = "contourpy-1.3.2-cp313-cp313-win32.whl", hash = "sha256:15ce6ab60957ca74cff444fe66d9045c1fd3e92c8936894ebd1f3eef2fff075f"},
    {file = "contourpy-1.3.2-cp313-cp313-win_amd64.whl", hash = "sha256:e1578f7eafce927b168752ed7e22646dad6cd9bca673c60bff55889fa236ebf9"},
    {file = "contourpy-1.3.2-cp313-cp313t-macosx_10_13_x86_64.whl", hash = "sha256:0475b1f6604896bc7c53bb070e355e9321e1bc0d381735421a2d2068ec56531f"},
    {file = "contourpy-1.3.2-cp313-cp313t-macosx_11_0_arm64.whl", hash = "sha256:c85bb486e9be652314bb5b9e2e3b0d1b2e643d5eec4992c0fbe8ac71775da739"},
    {file = "contourpy-1.3.2-cp313-cp313t-manylinux_2_17_aarch64.manylinux2014_aarch64.whl", hash = "sha256:745b57db7758f3ffc05a10254edd3182a2a83402a89c00957a8e8a22f5582823"},
    {file = "contourpy-1.3.2-cp313-cp313t-manylinux_2_17_ppc64le.manylinux2014_ppc64le.whl", hash = "sha256:970e9173dbd7eba9b4e01aab19215a48ee5dd3f43cef736eebde064a171f89a5"},
    {file = "contourpy-1.3.2-cp313-cp313t-manylinux_2_17_s390x.manylinux2014_s390x.whl", hash = "sha256:c6c4639a9c22230276b7bffb6a850dfc8258a2521305e1faefe804d006b2e532"},
    {file = "contourpy-1.3.2-cp313-cp313t-manylinux_2_17_x86_64.manylinux2014_x86_64.whl", hash = "sha256:cc829960f34ba36aad4302e78eabf3ef16a3a100863f0d4eeddf30e8a485a03b"},
    {file = "contourpy-1.3.2-cp313-cp313t-musllinux_1_2_aarch64.whl", hash = "sha256:d32530b534e986374fc19eaa77fcb87e8a99e5431499949b828312bdcd20ac52"},
    {file = "contourpy-1.3.2-cp313-cp313t-musllinux_1_2_x86_64.whl", hash = "sha256:e298e7e70cf4eb179cc1077be1c725b5fd131ebc81181bf0c03525c8abc297fd"},
    {file = "contourpy-1.3.2-cp313-cp313t-win32.whl", hash = "sha256:d0e589ae0d55204991450bb5c23f571c64fe43adaa53f93fc902a84c96f52fe1"},
    {file = "contourpy-1.3.2-cp313-cp313t-win_amd64.whl", hash = "sha256:78e9253c3de756b3f6a5174d024c4835acd59eb3f8e2ca13e775dbffe1558f69"},
    {file = "contourpy-1.3.2.tar.gz", hash = "sha256:b6945942715a034c671b7fc54f9588126b0b8bf23db2696e3ca8328f3ff0ab54"},
]

[[package]]
name = "cycler"
version = "0.12.1"
summary = ""
files = [
    {file = "cycler-0.12.1-py3-none-any.whl", hash = "sha256:85cef7cff222d8644161529808465972e51340599459b8ac3ccbac5a854e0d30"},
    {file = "cycler-0.12.1.tar.gz", hash = "sha256:88bb128f02ba341da8ef447245a9e138fae777f6a23943da4540077d3601eb1c"},
]

[[package]]
name = "fonttools"
version = "4.58.2"
summary = ""
files = [
    {file = "fonttools-4.58.2-cp313-cp313-macosx_10_13_universal2.whl", hash = "sha256:829048ef29dbefec35d95cc6811014720371c95bdc6ceb0afd2f8e407c41697c"},
    {file = "fonttools-4.58.2-cp313-cp313-macosx_10_13_x86_64.whl", hash = "sha256:64998c5993431e45b474ed5f579f18555f45309dd1cf8008b594d2fe0a94be59"},
    {file = "fonttools-4.58.2-cp313-cp313-manylinux_2_17_aarch64.manylinux2014_aarch64.whl", hash = "sha256:b887a1cf9fbcb920980460ee4a489c8aba7e81341f6cdaeefa08c0ab6529591c"},
    {file = "fonttools-4.58.2-cp313-cp313-manylinux_2_5_x86_64.manylinux1_x86_64.manylinux_2_17_x86_64.manylinux2014_x86_64.whl", hash = "sha256:27d74b9f6970cefbcda33609a3bee1618e5e57176c8b972134c4e22461b9c791"},
    {file = "fonttools-4.58.2-cp313-cp313-musllinux_1_2_aarch64.whl", hash = "sha256:ec26784610056a770e15a60f9920cee26ae10d44d1e43271ea652dadf4e7a236"},
    {file = "fonttools-4.58.2-cp313-cp313-musllinux_1_2_x86_64.whl", hash = "sha256:ed0a71d57dd427c0fb89febd08cac9b925284d2a8888e982a6c04714b82698d7"},
    {file = "fonttools-4.58.2-cp313-cp313-win32.whl", hash = "sha256:994e362b01460aa863ef0cb41a29880bc1a498c546952df465deff7abf75587a"},
    {file = "fonttools-4.58.2-cp313-cp313-win_amd64.whl", hash = "sha256:f95dec862d7c395f2d4efe0535d9bdaf1e3811e51b86432fa2a77e73f8195756"},
    {file = "fonttools-4.58.2-py3-none-any.whl", hash = "sha256:84f4b0bcfa046254a65ee7117094b4907e22dc98097a220ef108030eb3c15596"},
    {file = "fonttools-4.58.2.tar.gz", hash = "sha256:4b491ddbfd50b856e84b0648b5f7941af918f6d32f938f18e62b58426a8d50e2"},
]

[[package]]
name = "iniconfig"
version = "2.1.0"
summary = ""
files = [
    {file = "iniconfig-2.1.0-py3-none-any.whl", hash = "sha256:9deba5723312380e77435581c6bf4935c94cbfab9b1ed33ef8d238ea168eb760"},
    {file = "iniconfig-2.1.0.tar.gz", hash = "sha256:3abbd2e30b36733fee78f9c7f7308f2d0050e88f0087fd25c2645f63c773e1c7"},
]

[[package]]
name = "kiwisolver"
version = "1.4.8"
summary = ""
files = [
    {file = "kiwisolver-1.4.8-cp313-cp313-macosx_10_13_universal2.whl", hash = "sha256:1c8ceb754339793c24aee1c9fb2485b5b1f5bb1c2c214ff13368431e51fc9a09"},
    {file = "kiwisolver-1.4.8-cp313-cp313-macosx_10_13_x86_64.whl", hash = "sha256:54a62808ac74b5e55a04a408cda6156f986cefbcf0ada13572696b507cc92fa1"},
    {file = "kiwisolver-1.4.8-cp313-cp313-macosx_11_0_arm64.whl", hash = "sha256:68269e60ee4929893aad82666821aaacbd455284124817af45c11e50a4b42e3c"},
    {file = "kiwisolver-1.4.8-cp313-cp313-manylinux_2_12_i686.manylinux2010_i686.manylinux_2_17_i686.manylinux2014_i686.whl", hash = "sha256:34d142fba9c464bc3bbfeff15c96eab0e7310343d6aefb62a79d51421fcc5f1b"},
    {file = "kiwisolver-1.4.8-cp313-cp313-manylinux_2_17_aarch64.manylinux2014_aarch64.whl", hash = "sha256:3ddc373e0eef45b59197de815b1b28ef89ae3955e7722cc9710fb91cd77b7f47"},
    {file = "kiwisolver-1.4.8-cp313-cp313-manylinux_2_17_ppc64le.manylinux2014_ppc64le.whl", hash = "sha256:77e6f57a20b9bd4e1e2cedda4d0b986ebd0216236f0106e55c28aea3d3d69b16"},
    {file = "kiwisolver-1.4.8-cp313-cp313-manylinux_2_17_s390x.manylinux2014_s390x.whl", hash = "sha256:08e77738ed7538f036cd1170cbed942ef749137b1311fa2bbe2a7fda2f6bf3cc"},
    {file = "kiwisolver-1.4.8-cp313-cp313-manylinux_2_17_x86_64.manylinux2014_x86_64.whl", hash = "sha256:a5ce1e481a74b44dd5e92ff03ea0cb371ae7a0268318e202be06c8f04f4f1246"},
    {file = "kiwisolver-1.4.8-cp313-cp313-musllinux_1_2_aarch64.whl", hash = "sha256:fc2ace710ba7c1dfd1a3b42530b62b9ceed115f19a1656adefce7b1782a37794"},
    {file = "kiwisolver-1.4.8-cp313-cp313-musllinux_1_2_i686.whl", hash = "sha256:3452046c37c7692bd52b0e752b87954ef86ee2224e624ef7ce6cb21e8c41cc1b"},
    {file = "kiwisolver-1.4.8-cp313-cp313-musllinux_1_2_ppc64le.whl", hash = "sha256:7e9a60b50fe8b2ec6f448fe8d81b07e40141bfced7f896309df271a0b92f80f3"},
    {file = "kiwisolver-1.4.8-cp313-cp313-musllinux_1_2_s390x.whl", hash = "sha256:918139571133f366e8362fa4a297aeba86c7816b7ecf0bc79168080e2bd79957"},
    {file = "kiwisolver-1.4.8-cp313-cp313-musllinux_1_2_x86_64.whl", hash = "sha256:e063ef9f89885a1d68dd8b2e18f5ead48653176d10a0e324e3b0030e3a69adeb"},
    {file = "kiwisolver-1.4.8-cp313-cp313-win_amd64.whl", hash = "sha256:a17b7c4f5b2c51bb68ed379defd608a03954a1845dfed7cc0117f1cc8a9b7fd2"},
    {file = "kiwisolver-1.4.8-cp313-cp313-win_arm64.whl", hash = "sha256:3cd3bc628b25f74aedc6d374d5babf0166a92ff1317f46267f12d2ed54bc1d30"},
    {file = "kiwisolver-1.4.8-cp313-cp313t-macosx_10_13_universal2.whl", hash = "sha256:370fd2df41660ed4e26b8c9d6bbcad668fbe2560462cba151a721d49e5b6628c"},
    {file = "kiwisolver-1.4.8-cp313-cp313t-macosx_10_13_x86_64.whl", hash = "sha256:84a2f830d42707de1d191b9490ac186bf7997a9495d4e9072210a1296345f7dc"},
    {file = "kiwisolver-1.4.8-cp313-cp313t-macosx_11_0_arm64.whl", hash = "sha256:7a3ad337add5148cf51ce0b55642dc551c0b9d6248458a757f98796ca7348712"},
    {file = "kiwisolver-1.4.8-cp313-cp313t-manylinux_2_12_i686.manylinux2010_i686.manylinux_2_17_i686.manylinux2014_i686.whl", hash = "sha256:7506488470f41169b86d8c9aeff587293f530a23a23a49d6bc64dab66bedc71e"},
    {file = "kiwisolver-1.4.8-cp313-cp313t-manylinux_2_17_aarch64.manylinux2014_aarch64.whl", hash = "sha256:2f0121b07b356a22fb0414cec4666bbe36fd6d0d759db3d37228f496ed67c880"},
    {file = "kiwisolver-1.4.8-cp313-cp313t-manylinux_2_17_ppc64le.manylinux2014_ppc64le.whl", hash = "sha256:d6d6bd87df62c27d4185de7c511c6248040afae67028a8a22012b010bc7ad062"},
    {file = "kiwisolver-1.4.8-cp313-cp313t-manylinux_2_17_s390x.manylinux2014_s390x.whl", hash = "sha256:291331973c64bb9cce50bbe871fb2e675c4331dab4f31abe89f175ad7679a4d7"},
    {file = "kiwisolver-1.4.8-cp313-cp313t-manylinux_2_17_x86_64.manylinux2014_x86_64.whl", hash = "sha256:893f5525bb92d3d735878ec00f781b2de998333659507d29ea4466208df37bed"},
    {file = "kiwisolver-1.4.8-cp313-cp313t-musllinux_1_2_aarch64.whl", hash = "sha256:b47a465040146981dc9db8647981b8cb96366fbc8d452b031e4f8fdffec3f26d"},
    {file = "kiwisolver-1.4.8-cp313-cp313t-musllinux_1_2_i686.whl", hash = "sha256:99cea8b9dd34ff80c521aef46a1dddb0dcc0283cf18bde6d756f1e6f31772165"},
    {file = "kiwisolver-1.4.8-cp313-cp313t-musllinux_1_2_ppc64le.whl", hash = "sha256:151dffc4865e5fe6dafce5480fab84f950d14566c480c08a53c663a0020504b6"},
    {file = "kiwisolver-1.4.8-cp313-cp313t-musllinux_1_2_s390x.whl", hash = "sha256:577facaa411c10421314598b50413aa1ebcf5126f704f1e5d72d7e4e9f020d90"},
    {file = "kiwisolver-1.4.8-cp313-cp313t-musllinux_1_2_x86_64.whl", hash = "sha256:be4816dc51c8a471749d664161b434912eee82f2ea66bd7628bd14583a833e85"},
    {file = "kiwisolver-1.4.8.tar.gz", hash = "sha256:23d5f023bdc8c7e54eb65f03ca5d5bb25b601eac4d7f1a042888a1f45237987e"},
]

[[package]]
name = "libcst"
version = "1.8.1"
summary = ""
dependencies = [
    "pyyaml-ft",
]
files = [
    {file = "libcst-1.8.1-cp313-cp313-macosx_10_13_x86_64.whl", hash = "sha256:260e277139f10c087b56b1c7d26fafa9c02c9e53ea993e8ef36b4da5b06dcaaf"},
    {file = "libcst-1.8.1-cp313-cp313-macosx_11_0_arm64.whl", hash = "sha256:a0c1fc051a223be5bc1537f2d8a8dfd6f073184362a2ffb2576127c0dd2bd8b8"},
    {file = "libcst-1.8.1-cp313-cp313-manylinux1_i686.manylinux2014_i686.manylinux_2_17_i686.manylinux_2_5_i686.whl", hash = "sha256:484b734df8089ddc85c102482323693ff255cd5fd509703742bd3866a2c0254b"},
    {file = "libcst-1.8.1-cp313-cp313-manylinux_2_28_aarch64.whl", hash = "sha256:69d4c34b254dfebe00e0bfdee787341a40f351450a451c37d7fa09c2e04dd45b"},
    {file = "libcst-1.8.1-cp313-cp313-manylinux_2_28_armv7l.manylinux_2_31_armv7l.whl", hash = "sha256:61ddc308e70514d515500a08a25a3d6c877a8a9f5811862ce010c917550a9dfa"},
    {file = "libcst-1.8.1-cp313-cp313-manylinux_2_28_x86_64.whl", hash = "sha256:381f2cda8daa7881700cabcb3689c16147e98964ae7be6b3a6e86a87a844f311"},
    {file = "libcst-1.8.1-cp313-cp313-musllinux_1_2_aarch64.whl", hash = "sha256:2f985f311062712a2ebb8b87a261c46182286abfed7125f4f95588e715c13007"},
    {file = "libcst-1.8.1-cp313-cp313-musllinux_1_2_x86_64.whl", hash = "sha256:fd84d29376980b5b8b937bff9d79a08bc5ae1cf7f87218abe8b89837c0553fa0"},
    {file = "libcst-1.8.1-cp313-cp313-win_amd64.whl", hash = "sha256:6ab9b6e583342ce9c59a098b51865f436e641650a1db5b6e9e6fa03ba8fa8801"},
    {file = "libcst-1.8.1-cp313-cp313-win_arm64.whl", hash = "sha256:5f9d5c0154b4a55aca556e0703d4f008b76dea6f574df3bae20533b5da6be05e"},
    {file = "libcst-1.8.1-cp313-cp313t-macosx_10_13_x86_64.whl", hash = "sha256:e04f1dd7c5c513c6c880e402040848af300dc48a47101de6b3aaff86089f620f"},
    {file = "libcst-1.8.1-cp313-cp313t-macosx_11_0_arm64.whl", hash = "sha256:c7b16f11defcdf4583c8041574937c1a0608b18915d1b215d2eec2d8700cc96a"},
    {file = "libcst-1.8.1-cp313-cp313t-manylinux1_i686.manylinux2014_i686.manylinux_2_17_i686.manylinux_2_5_i686.whl", hash = "sha256:de0b2cbd7823a246bd6dae08cff9cf9313f8445ee2dd8d57c0de50b08f655469"},
    {file = "libcst-1.8.1-cp313-cp313t-manylinux_2_28_aarch64.whl", hash = "sha256:357098cccd6bc7cbaf101096d4a51d96b8384f51dd017c614d99e15d7a00a452"},
    {file = "libcst-1.8.1-cp313-cp313t-manylinux_2_28_armv7l.manylinux_2_31_armv7l.whl", hash = "sha256:2e2573ac24030f359efbc79fad1e59fd7a1fd82682249b095ac7f4db53a92557"},
    {file = "libcst-1.8.1-cp313-cp313t-manylinux_2_28_x86_64.whl", hash = "sha256:ae4ba4e86576aef3af0be382f76eb92b8d9a5c5af228f48dac66bc670e3b1206"},
    {file = "libcst-1.8.1-cp313-cp313t-musllinux_1_2_aarch64.whl", hash = "sha256:57a2b024830d9fe65ef17a3456efc75f70ddc5a76842a98ff45f3710b2f14aa8"},
    {file = "libcst-1.8.1-cp313-cp313t-musllinux_1_2_x86_64.whl", hash = "sha256:ce501720337f386ac14b8ad845dcd751ac1d090f9a43854fe321a4500014ed4e"},
    {file = "libcst-1.8.1-cp313-cp313t-win_amd64.whl", hash = "sha256:cceca837ec5e53d0c6e70be079362b896dfca69bdb732ff696b1bf768de7b4ca"},
    {file = "libcst-1.8.1-cp313-cp313t-win_arm64.whl", hash = "sha256:6b7a0abf9abe551cf5f5dd522985780a15c5d7d4bb3a16cefacc1694e8dded76"},
    {file = "libcst-1.8.1.tar.gz", hash = "sha256:423427819409a1d905017bbd51062bd0f1e4795c74c2f9f52a6b63dd67c282d2"},
]

[[package]]
name = "markdown-it-py"
version = "3.0.0"
summary = ""
dependencies = [
    "mdurl",
]
files = [
    {file = "markdown-it-py-3.0.0.tar.gz", hash = "sha256:e3f60a94fa066dc52ec76661e37c851cb232d92f9886b15cb560aaada2df8feb"},
    {file = "markdown_it_py-3.0.0-py3-none-any.whl", hash = "sha256:355216845c60bd96232cd8d8c40e8f9765cc86f46880e43a8fd22dc1a1a8cab1"},
]

[[package]]
name = "matplotlib"
version = "3.10.3"
summary = ""
dependencies = [
    "contourpy",
    "cycler",
    "fonttools",
    "kiwisolver",
    "numpy",
    "packaging",
    "pillow",
    "pyparsing",
    "python-dateutil",
]
files = [
    {file = "matplotlib-3.10.3-cp313-cp313-macosx_10_13_x86_64.whl", hash = "sha256:9f2efccc8dcf2b86fc4ee849eea5dcaecedd0773b30f47980dc0cbeabf26ec84"},
    {file = "matplotlib-3.10.3-cp313-cp313-macosx_11_0_arm64.whl", hash = "sha256:3ddbba06a6c126e3301c3d272a99dcbe7f6c24c14024e80307ff03791a5f294e"},
    {file = "matplotlib-3.10.3-cp313-cp313-manylinux_2_17_aarch64.manylinux2014_aarch64.whl", hash = "sha256:748302b33ae9326995b238f606e9ed840bf5886ebafcb233775d946aa8107a15"},
    {file = "matplotlib-3.10.3-cp313-cp313-manylinux_2_17_x86_64.manylinux2014_x86_64.whl", hash = "sha256:a80fcccbef63302c0efd78042ea3c2436104c5b1a4d3ae20f864593696364ac7"},
    {file = "matplotlib-3.10.3-cp313-cp313-musllinux_1_2_x86_64.whl", hash = "sha256:55e46cbfe1f8586adb34f7587c3e4f7dedc59d5226719faf6cb54fc24f2fd52d"},
    {file = "matplotlib-3.10.3-cp313-cp313-win_amd64.whl", hash = "sha256:151d89cb8d33cb23345cd12490c76fd5d18a56581a16d950b48c6ff19bb2ab93"},
    {file = "matplotlib-3.10.3-cp313-cp313t-macosx_10_13_x86_64.whl", hash = "sha256:c26dd9834e74d164d06433dc7be5d75a1e9890b926b3e57e74fa446e1a62c3e2"},
    {file = "matplotlib-3.10.3-cp313-cp313t-macosx_11_0_arm64.whl", hash = "sha256:24853dad5b8c84c8c2390fc31ce4858b6df504156893292ce8092d190ef8151d"},
    {file = "matplotlib-3.10.3-cp313-cp313t-manylinux_2_17_aarch64.manylinux2014_aarch64.whl", hash = "sha256:68f7878214d369d7d4215e2a9075fef743be38fa401d32e6020bab2dfabaa566"},
    {file = "matplotlib-3.10.3-cp313-cp313t-manylinux_2_17_x86_64.manylinux2014_x86_64.whl", hash = "sha256:f6929fc618cb6db9cb75086f73b3219bbb25920cb24cee2ea7a12b04971a4158"},
    {file = "matplotlib-3.10.3-cp313-cp313t-musllinux_1_2_x86_64.whl", hash = "sha256:6c7818292a5cc372a2dc4c795e5c356942eb8350b98ef913f7fda51fe175ac5d"},
    {file = "matplotlib-3.10.3-cp313-cp313t-win_amd64.whl", hash = "sha256:4f23ffe95c5667ef8a2b56eea9b53db7f43910fa4a2d5472ae0f72b64deab4d5"},
    {file = "matplotlib-3.10.3.tar.gz", hash = "sha256:2f82d2c5bb7ae93aaaa4cd42aca65d76ce6376f83304fa3a630b569aca274df0"},
]

[[package]]
name = "mdurl"
version = "0.1.2"
summary = ""
files = [
    {file = "mdurl-0.1.2-py3-none-any.whl", hash = "sha256:84008a41e51615a49fc9966191ff91509e3c40b939176e643fd50a5c2196b8f8"},
    {file = "mdurl-0.1.2.tar.gz", hash = "sha256:bb413d29f5eea38f31dd4754dd7377d4465116fb207585f97bf925588687c1ba"},
]

[[package]]
name = "mypy"
version = "1.16.0"
summary = ""
dependencies = [
    "mypy-extensions",
    "pathspec",
    "typing-extensions",
]
files = [
    {file = "mypy-1.16.0-cp313-cp313-macosx_10_13_x86_64.whl", hash = "sha256:a9e056237c89f1587a3be1a3a70a06a698d25e2479b9a2f57325ddaaffc3567b"},
    {file = "mypy-1.16.0-cp313-cp313-macosx_11_0_arm64.whl", hash = "sha256:0b07e107affb9ee6ce1f342c07f51552d126c32cd62955f59a7db94a51ad12c0"},
    {file = "mypy-1.16.0-cp313-cp313-manylinux_2_17_aarch64.manylinux2014_aarch64.manylinux_2_28_aarch64.whl", hash = "sha256:c6fb60cbd85dc65d4d63d37cb5c86f4e3a301ec605f606ae3a9173e5cf34997b"},
    {file = "mypy-1.16.0-cp313-cp313-manylinux_2_17_x86_64.manylinux2014_x86_64.manylinux_2_28_x86_64.whl", hash = "sha256:a7e32297a437cc915599e0578fa6bc68ae6a8dc059c9e009c628e1c47f91495d"},
    {file = "mypy-1.16.0-cp313-cp313-musllinux_1_2_x86_64.whl", hash = "sha256:afe420c9380ccec31e744e8baff0d406c846683681025db3531b32db56962d52"},
    {file = "mypy-1.16.0-cp313-cp313-win_amd64.whl", hash = "sha256:55f9076c6ce55dd3f8cd0c6fff26a008ca8e5131b89d5ba6d86bd3f47e736eeb"},
    {file = "mypy-1.16.0-py3-none-any.whl", hash = "sha256:29e1499864a3888bca5c1542f2d7232c6e586295183320caa95758fc84034031"},
    {file = "mypy-1.16.0.tar.gz", hash = "sha256:84b94283f817e2aa6350a14b4a8fb2a35a53c286f97c9d30f53b63620e7af8ab"},
]

[[package]]
name = "mypy-extensions"
version = "1.1.0"
summary = ""
files = [
    {file = "mypy_extensions-1.1.0-py3-none-any.whl", hash = "sha256:1be4cccdb0f2482337c4743e60421de3a356cd97508abadd57d47403e94f5505"},
    {file = "mypy_extensions-1.1.0.tar.gz", hash = "sha256:52e68efc3284861e772bbcd66823fde5ae21fd2fdb51c62a211403730b916558"},
]

[[package]]
name = "numpy"
version = "2.3.0"
summary = ""
files = [
    {file = "numpy-2.3.0-cp313-cp313-macosx_10_13_x86_64.whl", hash = "sha256:5754ab5595bfa2c2387d241296e0381c21f44a4b90a776c3c1d39eede13a746a"},
    {file = "numpy-2.3.0-cp313-cp313-macosx_11_0_arm64.whl", hash = "sha256:d11fa02f77752d8099573d64e5fe33de3229b6632036ec08f7080f46b6649959"},
    {file = "numpy-2.3.0-cp313-cp313-macosx_14_0_arm64.whl", hash = "sha256:aba48d17e87688a765ab1cd557882052f238e2f36545dfa8e29e6a91aef77afe"},
    {file = "numpy-2.3.0-cp313-cp313-macosx_14_0_x86_64.whl", hash = "sha256:4dc58865623023b63b10d52f18abaac3729346a7a46a778381e0e3af4b7f3beb"},
    {file = "numpy-2.3.0-cp313-cp313-manylinux_2_28_aarch64.whl", hash = "sha256:df470d376f54e052c76517393fa443758fefcdd634645bc9c1f84eafc67087f0"},
    {file = "numpy-2.3.0-cp313-cp313-manylinux_2_28_x86_64.whl", hash = "sha256:87717eb24d4a8a64683b7a4e91ace04e2f5c7c77872f823f02a94feee186168f"},
    {file = "numpy-2.3.0-cp313-cp313-musllinux_1_2_aarch64.whl", hash = "sha256:d8fa264d56882b59dcb5ea4d6ab6f31d0c58a57b41aec605848b6eb2ef4a43e8"},
    {file = "numpy-2.3.0-cp313-cp313-musllinux_1_2_x86_64.whl", hash = "sha256:e651756066a0eaf900916497e20e02fe1ae544187cb0fe88de981671ee7f6270"},
    {file = "numpy-2.3.0-cp313-cp313-win32.whl", hash = "sha256:e43c3cce3b6ae5f94696669ff2a6eafd9a6b9332008bafa4117af70f4b88be6f"},
    {file = "numpy-2.3.0-cp313-cp313-win_amd64.whl", hash = "sha256:81ae0bf2564cf475f94be4a27ef7bcf8af0c3e28da46770fc904da9abd5279b5"},
    {file = "numpy-2.3.0-cp313-cp313-win_arm64.whl", hash = "sha256:c8738baa52505fa6e82778580b23f945e3578412554d937093eac9205e845e6e"},
    {file = "numpy-2.3.0-cp313-cp313t-macosx_10_13_x86_64.whl", hash = "sha256:39b27d8b38942a647f048b675f134dd5a567f95bfff481f9109ec308515c51d8"},
    {file = "numpy-2.3.0-cp313-cp313t-macosx_11_0_arm64.whl", hash = "sha256:0eba4a1ea88f9a6f30f56fdafdeb8da3774349eacddab9581a21234b8535d3d3"},
    {file = "numpy-2.3.0-cp313-cp313t-macosx_14_0_arm64.whl", hash = "sha256:b0f1f11d0a1da54927436505a5a7670b154eac27f5672afc389661013dfe3d4f"},
    {file = "numpy-2.3.0-cp313-cp313t-macosx_14_0_x86_64.whl", hash = "sha256:690d0a5b60a47e1f9dcec7b77750a4854c0d690e9058b7bef3106e3ae9117808"},
    {file = "numpy-2.3.0-cp313-cp313t-manylinux_2_28_aarch64.whl", hash = "sha256:8b51ead2b258284458e570942137155978583e407babc22e3d0ed7af33ce06f8"},
    {file = "numpy-2.3.0-cp313-cp313t-manylinux_2_28_x86_64.whl", hash = "sha256:aaf81c7b82c73bd9b45e79cfb9476cb9c29e937494bfe9092c26aece812818ad"},
    {file = "numpy-2.3.0-cp313-cp313t-musllinux_1_2_aarch64.whl", hash = "sha256:f420033a20b4f6a2a11f585f93c843ac40686a7c3fa514060a97d9de93e5e72b"},
    {file = "numpy-2.3.0-cp313-cp313t-musllinux_1_2_x86_64.whl", hash = "sha256:d344ca32ab482bcf8735d8f95091ad081f97120546f3d250240868430ce52555"},
    {file = "numpy-2.3.0-cp313-cp313t-win32.whl", hash = "sha256:48a2e8eaf76364c32a1feaa60d6925eaf32ed7a040183b807e02674305beef61"},
    {file = "numpy-2.3.0-cp313-cp313t-win_amd64.whl", hash = "sha256:ba17f93a94e503551f154de210e4d50c5e3ee20f7e7a1b5f6ce3f22d419b93bb"},
    {file = "numpy-2.3.0-cp313-cp313t-win_arm64.whl", hash = "sha256:f14e016d9409680959691c109be98c436c6249eaf7f118b424679793607b5944"},
    {file = "numpy-2.3.0.tar.gz", hash = "sha256:581f87f9e9e9db2cba2141400e160e9dd644ee248788d6f90636eeb8fd9260a6"},
]

[[package]]
name = "packaging"
version = "25.0"
summary = ""
files = [
    {file = "packaging-25.0-py3-none-any.whl", hash = "sha256:29572ef2b1f17581046b3a2227d5c611fb25ec70ca1ba8554b24b0e69331a484"},
    {file = "packaging-25.0.tar.gz", hash = "sha256:d443872c98d677bf60f6a1f2f8c1cb748e8fe762d2bf9d3148b5599295b0fc4f"},
]

[[package]]
name = "pathspec"
version = "0.12.1"
summary = ""
files = [
    {file = "pathspec-0.12.1-py3-none-any.whl", hash = "sha256:a0d503e138a4c123b27490a4f7beda6a01c6f288df0e4a8b79c7eb0dc7b4cc08"},
    {file = "pathspec-0.12.1.tar.gz", hash = "sha256:a482d51503a1ab33b1c67a6c3813a26953dbdc71c31dacaef9a838c4e29f5712"},
]

[[package]]
name = "pillow"
version = "11.2.1"
summary = ""
files = [
    {file = "pillow-11.2.1-cp313-cp313-macosx_10_13_x86_64.whl", hash = "sha256:fdec757fea0b793056419bca3e9932eb2b0ceec90ef4813ea4c1e072c389eb28"},
    {file = "pillow-11.2.1-cp313-cp313-macosx_11_0_arm64.whl", hash = "sha256:b0e130705d568e2f43a17bcbe74d90958e8a16263868a12c3e0d9c8162690830"},
    {file = "pillow-11.2.1-cp313-cp313-manylinux_2_17_aarch64.manylinux2014_aarch64.whl", hash = "sha256:7bdb5e09068332578214cadd9c05e3d64d99e0e87591be22a324bdbc18925be0"},
    {file = "pillow-11.2.1-cp313-cp313-manylinux_2_17_x86_64.manylinux2014_x86_64.whl", hash = "sha256:d189ba1bebfbc0c0e529159631ec72bb9e9bc041f01ec6d3233d6d82eb823bc1"},
    {file = "pillow-11.2.1-cp313-cp313-manylinux_2_28_aarch64.whl", hash = "sha256:191955c55d8a712fab8934a42bfefbf99dd0b5875078240943f913bb66d46d9f"},
    {file = "pillow-11.2.1-cp313-cp313-manylinux_2_28_x86_64.whl", hash = "sha256:ad275964d52e2243430472fc5d2c2334b4fc3ff9c16cb0a19254e25efa03a155"},
    {file = "pillow-11.2.1-cp313-cp313-musllinux_1_2_aarch64.whl", hash = "sha256:750f96efe0597382660d8b53e90dd1dd44568a8edb51cb7f9d5d918b80d4de14"},
    {file = "pillow-11.2.1-cp313-cp313-musllinux_1_2_x86_64.whl", hash = "sha256:fe15238d3798788d00716637b3d4e7bb6bde18b26e5d08335a96e88564a36b6b"},
    {file = "pillow-11.2.1-cp313-cp313-win32.whl", hash = "sha256:3fe735ced9a607fee4f481423a9c36701a39719252a9bb251679635f99d0f7d2"},
    {file = "pillow-11.2.1-cp313-cp313-win_amd64.whl", hash = "sha256:74ee3d7ecb3f3c05459ba95eed5efa28d6092d751ce9bf20e3e253a4e497e691"},
    {file = "pillow-11.2.1-cp313-cp313-win_arm64.whl", hash = "sha256:5119225c622403afb4b44bad4c1ca6c1f98eed79db8d3bc6e4e160fc6339d66c"},
    {file = "pillow-11.2.1-cp313-cp313t-macosx_10_13_x86_64.whl", hash = "sha256:8ce2e8411c7aaef53e6bb29fe98f28cd4fbd9a1d9be2eeea434331aac0536b22"},
    {file = "pillow-11.2.1-cp313-cp313t-macosx_11_0_arm64.whl", hash = "sha256:9ee66787e095127116d91dea2143db65c7bb1e232f617aa5957c0d9d2a3f23a7"},
    {file = "pillow-11.2.1-cp313-cp313t-manylinux_2_17_aarch64.manylinux2014_aarch64.whl", hash = "sha256:9622e3b6c1d8b551b6e6f21873bdcc55762b4b2126633014cea1803368a9aa16"},
    {file = "pillow-11.2.1-cp313-cp313t-manylinux_2_17_x86_64.manylinux2014_x86_64.whl", hash = "sha256:63b5dff3a68f371ea06025a1a6966c9a1e1ee452fc8020c2cd0ea41b83e9037b"},
    {file = "pillow-11.2.1-cp313-cp313t-manylinux_2_28_aarch64.whl", hash = "sha256:31df6e2d3d8fc99f993fd253e97fae451a8db2e7207acf97859732273e108406"},
    {file = "pillow-11.2.1-cp313-cp313t-manylinux_2_28_x86_64.whl", hash = "sha256:062b7a42d672c45a70fa1f8b43d1d38ff76b63421cbbe7f88146b39e8a558d91"},
    {file = "pillow-11.2.1-cp313-cp313t-musllinux_1_2_aarch64.whl", hash = "sha256:4eb92eca2711ef8be42fd3f67533765d9fd043b8c80db204f16c8ea62ee1a751"},
    {file = "pillow-11.2.1-cp313-cp313t-musllinux_1_2_x86_64.whl", hash = "sha256:f91ebf30830a48c825590aede79376cb40f110b387c17ee9bd59932c961044f9"},
    {file = "pillow-11.2.1-cp313-cp313t-win32.whl", hash = "sha256:e0b55f27f584ed623221cfe995c912c61606be8513bfa0e07d2c674b4516d9dd"},
    {file = "pillow-11.2.1-cp313-cp313t-win_amd64.whl", hash = "sha256:36d6b82164c39ce5482f649b437382c0fb2395eabc1e2b1702a6deb8ad647d6e"},
    {file = "pillow-11.2.1-cp313-cp313t-win_arm64.whl", hash = "sha256:225c832a13326e34f212d2072982bb1adb210e0cc0b153e688743018c94a2681"},
    {file = "pillow-11.2.1.tar.gz", hash = "sha256:a64dd61998416367b7ef979b73d3a85853ba9bec4c2925f74e588879a58716b6"},
]

[[package]]
name = "pluggy"
version = "1.6.0"
summary = ""
files = [
    {file = "pluggy-1.6.0-py3-none-any.whl", hash = "sha256:e920276dd6813095e9377c0bc5566d94c932c33b27a3e3945d8389c374dd4746"},
    {file = "pluggy-1.6.0.tar.gz", hash = "sha256:7dcc130b76258d33b90f61b658791dede3486c3e6bfb003ee5c9bfb396dd22f3"},
]

[[package]]
name = "pycln"
version = "2.5.0"
summary = ""
dependencies = [
    "libcst",
    "pathspec",
    "pyyaml",
    "tomlkit",
    "typer",
]
files = [
    {file = "pycln-2.5.0-py3-none-any.whl", hash = "sha256:6aec7a5b8df47e23399842b1f8470da4164956e26391f9b86c5edced5344da92"},
    {file = "pycln-2.5.0.tar.gz", hash = "sha256:f3a64486f813cd29da07940c4c2bb412080a23b9b0df9b0b1576c8e39ac79c44"},
]

[[package]]
name = "pycodestyle"
version = "2.13.0"
summary = ""
files = [
    {file = "pycodestyle-2.13.0-py2.py3-none-any.whl", hash = "sha256:35863c5974a271c7a726ed228a14a4f6daf49df369d8c50cd9a6f58a5e143ba9"},
    {file = "pycodestyle-2.13.0.tar.gz", hash = "sha256:c8415bf09abe81d9c7f872502a6eee881fbe85d8763dd5b9924bb0a01d67efae"},
]

[[package]]
name = "pygments"
version = "2.19.1"
summary = ""
files = [
    {file = "pygments-2.19.1-py3-none-any.whl", hash = "sha256:9ea1544ad55cecf4b8242fab6dd35a93bbce657034b0611ee383099054ab6d8c"},
    {file = "pygments-2.19.1.tar.gz", hash = "sha256:61c16d2a8576dc0649d9f39e089b5f02bcd27fba10d8fb4dcc28173f7a45151f"},
]

[[package]]
name = "pyparsing"
version = "3.2.3"
summary = ""
files = [
    {file = "pyparsing-3.2.3-py3-none-any.whl", hash = "sha256:a749938e02d6fd0b59b356ca504a24982314bb090c383e3cf201c95ef7e2bfcf"},
    {file = "pyparsing-3.2.3.tar.gz", hash = "sha256:b9c13f1ab8b3b542f72e28f634bad4de758ab3ce4546e4301970ad6fa77c38be"},
]

[[package]]
name = "pytest"
version = "8.4.0"
summary = ""
dependencies = [
    "colorama; sys_platform == \"win32\"",
    "iniconfig",
    "packaging",
    "pluggy",
    "pygments",
]
files = [
    {file = "pytest-8.4.0-py3-none-any.whl", hash = "sha256:f40f825768ad76c0977cbacdf1fd37c6f7a468e460ea6a0636078f8972d4517e"},
    {file = "pytest-8.4.0.tar.gz", hash = "sha256:14d920b48472ea0dbf68e45b96cd1ffda4705f33307dcc86c676c1b5104838a6"},
]

[[package]]
name = "python-dateutil"
version = "2.9.0.post0"
summary = ""
dependencies = [
    "six",
]
files = [
    {file = "python-dateutil-2.9.0.post0.tar.gz", hash = "sha256:37dd54208da7e1cd875388217d5e00ebd4179249f90fb72437e91a35459a0ad3"},
    {file = "python_dateutil-2.9.0.post0-py2.py3-none-any.whl", hash = "sha256:a8b2bc7bffae282281c8140a97d3aa9c14da0b136dfe83f850eea9a5f7470427"},
]

[[package]]
name = "pyyaml"
version = "6.0.2"
summary = ""
files = [
    {file = "PyYAML-6.0.2-cp313-cp313-macosx_10_13_x86_64.whl", hash = "sha256:efdca5630322a10774e8e98e1af481aad470dd62c3170801852d752aa7a783ba"},
    {file = "PyYAML-6.0.2-cp313-cp313-macosx_11_0_arm64.whl", hash = "sha256:50187695423ffe49e2deacb8cd10510bc361faac997de9efef88badc3bb9e2d1"},
    {file = "PyYAML-6.0.2-cp313-cp313-manylinux_2_17_aarch64.manylinux2014_aarch64.whl", hash = "sha256:0ffe8360bab4910ef1b9e87fb812d8bc0a308b0d0eef8c8f44e0254ab3b07133"},
    {file = "PyYAML-6.0.2-cp313-cp313-manylinux_2_17_s390x.manylinux2014_s390x.whl", hash = "sha256:17e311b6c678207928d649faa7cb0d7b4c26a0ba73d41e99c4fff6b6c3276484"},
    {file = "PyYAML-6.0.2-cp313-cp313-manylinux_2_17_x86_64.manylinux2014_x86_64.whl", hash = "sha256:70b189594dbe54f75ab3a1acec5f1e3faa7e8cf2f1e08d9b561cb41b845f69d5"},
    {file = "PyYAML-6.0.2-cp313-cp313-musllinux_1_1_aarch64.whl", hash = "sha256:41e4e3953a79407c794916fa277a82531dd93aad34e29c2a514c2c0c5fe971cc"},
    {file = "PyYAML-6.0.2-cp313-cp313-musllinux_1_1_x86_64.whl", hash = "sha256:68ccc6023a3400877818152ad9a1033e3db8625d899c72eacb5a668902e4d652"},
    {file = "PyYAML-6.0.2-cp313-cp313-win32.whl", hash = "sha256:bc2fa7c6b47d6bc618dd7fb02ef6fdedb1090ec036abab80d4681424b84c1183"},
    {file = "PyYAML-6.0.2-cp313-cp313-win_amd64.whl", hash = "sha256:8388ee1976c416731879ac16da0aff3f63b286ffdd57cdeb95f3f2e085687563"},
    {file = "pyyaml-6.0.2.tar.gz", hash = "sha256:d584d9ec91ad65861cc08d42e834324ef890a082e591037abe114850ff7bbc3e"},
]

[[package]]
name = "pyyaml-ft"
version = "8.0.0"
summary = ""
files = [
    {file = "pyyaml_ft-8.0.0-cp313-cp313-macosx_10_13_x86_64.whl", hash = "sha256:8c1306282bc958bfda31237f900eb52c9bedf9b93a11f82e1aab004c9a5657a6"},
    {file = "pyyaml_ft-8.0.0-cp313-cp313-macosx_11_0_arm64.whl", hash = "sha256:30c5f1751625786c19de751e3130fc345ebcba6a86f6bddd6e1285342f4bbb69"},
    {file = "pyyaml_ft-8.0.0-cp313-cp313-manylinux_2_17_aarch64.manylinux2014_aarch64.whl", hash = "sha256:3fa992481155ddda2e303fcc74c79c05eddcdbc907b888d3d9ce3ff3e2adcfb0"},
    {file = "pyyaml_ft-8.0.0-cp313-cp313-manylinux_2_17_s390x.manylinux2014_s390x.whl", hash = "sha256:cec6c92b4207004b62dfad1f0be321c9f04725e0f271c16247d8b39c3bf3ea42"},
    {file = "pyyaml_ft-8.0.0-cp313-cp313-manylinux_2_17_x86_64.manylinux2014_x86_64.whl", hash = "sha256:06237267dbcab70d4c0e9436d8f719f04a51123f0ca2694c00dd4b68c338e40b"},
    {file = "pyyaml_ft-8.0.0-cp313-cp313-musllinux_1_2_aarch64.whl", hash = "sha256:8a7f332bc565817644cdb38ffe4739e44c3e18c55793f75dddb87630f03fc254"},
    {file = "pyyaml_ft-8.0.0-cp313-cp313-musllinux_1_2_x86_64.whl", hash = "sha256:7d10175a746be65f6feb86224df5d6bc5c049ebf52b89a88cf1cd78af5a367a8"},
    {file = "pyyaml_ft-8.0.0-cp313-cp313-win_amd64.whl", hash = "sha256:58e1015098cf8d8aec82f360789c16283b88ca670fe4275ef6c48c5e30b22a96"},
    {file = "pyyaml_ft-8.0.0-cp313-cp313t-macosx_10_13_x86_64.whl", hash = "sha256:e64fa5f3e2ceb790d50602b2fd4ec37abbd760a8c778e46354df647e7c5a4ebb"},
    {file = "pyyaml_ft-8.0.0-cp313-cp313t-macosx_11_0_arm64.whl", hash = "sha256:8d445bf6ea16bb93c37b42fdacfb2f94c8e92a79ba9e12768c96ecde867046d1"},
    {file = "pyyaml_ft-8.0.0-cp313-cp313t-manylinux_2_17_aarch64.manylinux2014_aarch64.whl", hash = "sha256:8c56bb46b4fda34cbb92a9446a841da3982cdde6ea13de3fbd80db7eeeab8b49"},
    {file = "pyyaml_ft-8.0.0-cp313-cp313t-manylinux_2_17_s390x.manylinux2014_s390x.whl", hash = "sha256:dab0abb46eb1780da486f022dce034b952c8ae40753627b27a626d803926483b"},
    {file = "pyyaml_ft-8.0.0-cp313-cp313t-manylinux_2_17_x86_64.manylinux2014_x86_64.whl", hash = "sha256:bd48d639cab5ca50ad957b6dd632c7dd3ac02a1abe0e8196a3c24a52f5db3f7a"},
    {file = "pyyaml_ft-8.0.0-cp313-cp313t-musllinux_1_2_aarch64.whl", hash = "sha256:052561b89d5b2a8e1289f326d060e794c21fa068aa11255fe71d65baf18a632e"},
    {file = "pyyaml_ft-8.0.0-cp313-cp313t-musllinux_1_2_x86_64.whl", hash = "sha256:3bb4b927929b0cb162fb1605392a321e3333e48ce616cdcfa04a839271373255"},
    {file = "pyyaml_ft-8.0.0-cp313-cp313t-win_amd64.whl", hash = "sha256:de04cfe9439565e32f178106c51dd6ca61afaa2907d143835d501d84703d3793"},
    {file = "pyyaml_ft-8.0.0.tar.gz", hash = "sha256:0c947dce03954c7b5d38869ed4878b2e6ff1d44b08a0d84dc83fdad205ae39ab"},
]

[[package]]
name = "rich"
version = "14.0.0"
summary = ""
dependencies = [
    "markdown-it-py",
    "pygments",
]
files = [
    {file = "rich-14.0.0-py3-none-any.whl", hash = "sha256:1c9491e1951aac09caffd42f448ee3d04e58923ffe14993f6e83068dc395d7e0"},
    {file = "rich-14.0.0.tar.gz", hash = "sha256:82f1bc23a6a21ebca4ae0c45af9bdbc492ed20231dcb63f297d6d1021a9d5725"},
]

[[package]]
name = "shellingham"
version = "1.5.4"
summary = ""
files = [
    {file = "shellingham-1.5.4-py2.py3-none-any.whl", hash = "sha256:7ecfff8f2fd72616f7481040475a65b2bf8af90a56c89140852d1120324e8686"},
    {file = "shellingham-1.5.4.tar.gz", hash = "sha256:8dbca0739d487e5bd35ab3ca4b36e11c4078f3a234bfce294b0a0291363404de"},
]

[[package]]
name = "six"
version = "1.17.0"
summary = ""
files = [
    {file = "six-1.17.0-py2.py3-none-any.whl", hash = "sha256:4721f391ed90541fddacab5acf947aa0d3dc7d27b2e1e8eda2be8970586c3274"},
    {file = "six-1.17.0.tar.gz", hash = "sha256:ff70335d468e7eb6ec65b95b99d3a2836546063f63acc5171de367e834932a81"},
]

[[package]]
name = "tomlkit"
version = "0.13.3"
summary = ""
files = [
    {file = "tomlkit-0.13.3-py3-none-any.whl", hash = "sha256:c89c649d79ee40629a9fda55f8ace8c6a1b42deb912b2a8fd8d942ddadb606b0"},
    {file = "tomlkit-0.13.3.tar.gz", hash = "sha256:430cf247ee57df2b94ee3fbe588e71d362a941ebb545dec29b53961d61add2a1"},
]

[[package]]
name = "typer"
version = "0.16.0"
summary = ""
dependencies = [
    "click",
    "rich",
    "shellingham",
    "typing-extensions",
]
files = [
    {file = "typer-0.16.0-py3-none-any.whl", hash = "sha256:1f79bed11d4d02d4310e3c1b7ba594183bcedb0ac73b27a9e5f28f6fb5b98855"},
    {file = "typer-0.16.0.tar.gz", hash = "sha256:af377ffaee1dbe37ae9440cb4e8f11686ea5ce4e9bae01b84ae7c63b87f1dd3b"},
]

[[package]]
name = "typing-extensions"
version = "4.14.0"
summary = ""
files = [
    {file = "typing_extensions-4.14.0-py3-none-any.whl", hash = "sha256:a1514509136dd0b477638fc68d6a91497af5076466ad0fa6c338e44e359944af"},
    {file = "typing_extensions-4.14.0.tar.gz", hash = "sha256:8676b788e32f02ab42d9e7c61324048ae4c6d844a399eebace3d4979d75ceef4"},
]
