# This file is @generated by PDM.
# It is not intended for manual editing.

[metadata]
groups = ["default", "lint", "test", ":type"]
strategy = ["cross_platform"]
lock_version = "4.4"
content_hash = "sha256:fcd4fb60e556b5194f9618dc8381d378be7df95ebf2b3fea22d69a24598f55fe"

[[package]]
name = "alembic"
version = "1.12.1"
requires_python = ">=3.7"
summary = "A database migration tool for SQLAlchemy."
dependencies = [
    "Mako",
    "SQLAlchemy>=1.3.0",
    "typing-extensions>=4",
]
files = [
    {file = "alembic-1.12.1-py3-none-any.whl", hash = "sha256:47d52e3dfb03666ed945becb723d6482e52190917fdb47071440cfdba05d92cb"},
    {file = "alembic-1.12.1.tar.gz", hash = "sha256:bca5877e9678b454706347bc10b97cb7d67f300320fa5c3a94423e8266e2823f"},
]

[[package]]
name = "autopep8"
version = "2.0.4"
requires_python = ">=3.6"
summary = "A tool that automatically formats Python code to conform to the PEP 8 style guide"
dependencies = [
    "pycodestyle>=2.10.0",
]
files = [
    {file = "autopep8-2.0.4-py2.py3-none-any.whl", hash = "sha256:067959ca4a07b24dbd5345efa8325f5f58da4298dab0dde0443d5ed765de80cb"},
    {file = "autopep8-2.0.4.tar.gz", hash = "sha256:2913064abd97b3419d1cc83ea71f042cb821f87e45b9c88cad5ad3c4ea87fe0c"},
]

[[package]]
name = "cffi"
version = "1.16.0"
requires_python = ">=3.8"
summary = "Foreign Function Interface for Python calling C code."
dependencies = [
    "pycparser",
]
files = [
    {file = "cffi-1.16.0-cp311-cp311-macosx_10_9_x86_64.whl", hash = "sha256:b84834d0cf97e7d27dd5b7f3aca7b6e9263c56308ab9dc8aae9784abb774d404"},
    {file = "cffi-1.16.0-cp311-cp311-macosx_11_0_arm64.whl", hash = "sha256:1b8ebc27c014c59692bb2664c7d13ce7a6e9a629be20e54e7271fa696ff2b417"},
    {file = "cffi-1.16.0-cp311-cp311-manylinux_2_12_i686.manylinux2010_i686.manylinux_2_17_i686.manylinux2014_i686.whl", hash = "sha256:ee07e47c12890ef248766a6e55bd38ebfb2bb8edd4142d56db91b21ea68b7627"},
    {file = "cffi-1.16.0-cp311-cp311-manylinux_2_17_aarch64.manylinux2014_aarch64.whl", hash = "sha256:d8a9d3ebe49f084ad71f9269834ceccbf398253c9fac910c4fd7053ff1386936"},
    {file = "cffi-1.16.0-cp311-cp311-manylinux_2_17_ppc64le.manylinux2014_ppc64le.whl", hash = "sha256:e70f54f1796669ef691ca07d046cd81a29cb4deb1e5f942003f401c0c4a2695d"},
    {file = "cffi-1.16.0-cp311-cp311-manylinux_2_17_s390x.manylinux2014_s390x.whl", hash = "sha256:5bf44d66cdf9e893637896c7faa22298baebcd18d1ddb6d2626a6e39793a1d56"},
    {file = "cffi-1.16.0-cp311-cp311-manylinux_2_17_x86_64.manylinux2014_x86_64.whl", hash = "sha256:7b78010e7b97fef4bee1e896df8a4bbb6712b7f05b7ef630f9d1da00f6444d2e"},
    {file = "cffi-1.16.0-cp311-cp311-musllinux_1_1_i686.whl", hash = "sha256:c6a164aa47843fb1b01e941d385aab7215563bb8816d80ff3a363a9f8448a8dc"},
    {file = "cffi-1.16.0-cp311-cp311-musllinux_1_1_x86_64.whl", hash = "sha256:e09f3ff613345df5e8c3667da1d918f9149bd623cd9070c983c013792a9a62eb"},
    {file = "cffi-1.16.0-cp311-cp311-win32.whl", hash = "sha256:2c56b361916f390cd758a57f2e16233eb4f64bcbeee88a4881ea90fca14dc6ab"},
    {file = "cffi-1.16.0-cp311-cp311-win_amd64.whl", hash = "sha256:db8e577c19c0fda0beb7e0d4e09e0ba74b1e4c092e0e40bfa12fe05b6f6d75ba"},
    {file = "cffi-1.16.0-cp312-cp312-macosx_10_9_x86_64.whl", hash = "sha256:fa3a0128b152627161ce47201262d3140edb5a5c3da88d73a1b790a959126956"},
    {file = "cffi-1.16.0-cp312-cp312-macosx_11_0_arm64.whl", hash = "sha256:68e7c44931cc171c54ccb702482e9fc723192e88d25a0e133edd7aff8fcd1f6e"},
    {file = "cffi-1.16.0-cp312-cp312-manylinux_2_12_i686.manylinux2010_i686.manylinux_2_17_i686.manylinux2014_i686.whl", hash = "sha256:abd808f9c129ba2beda4cfc53bde801e5bcf9d6e0f22f095e45327c038bfe68e"},
    {file = "cffi-1.16.0-cp312-cp312-manylinux_2_17_aarch64.manylinux2014_aarch64.whl", hash = "sha256:88e2b3c14bdb32e440be531ade29d3c50a1a59cd4e51b1dd8b0865c54ea5d2e2"},
    {file = "cffi-1.16.0-cp312-cp312-manylinux_2_17_ppc64le.manylinux2014_ppc64le.whl", hash = "sha256:fcc8eb6d5902bb1cf6dc4f187ee3ea80a1eba0a89aba40a5cb20a5087d961357"},
    {file = "cffi-1.16.0-cp312-cp312-manylinux_2_17_s390x.manylinux2014_s390x.whl", hash = "sha256:b7be2d771cdba2942e13215c4e340bfd76398e9227ad10402a8767ab1865d2e6"},
    {file = "cffi-1.16.0-cp312-cp312-manylinux_2_17_x86_64.manylinux2014_x86_64.whl", hash = "sha256:e715596e683d2ce000574bae5d07bd522c781a822866c20495e52520564f0969"},
    {file = "cffi-1.16.0-cp312-cp312-musllinux_1_1_x86_64.whl", hash = "sha256:2d92b25dbf6cae33f65005baf472d2c245c050b1ce709cc4588cdcdd5495b520"},
    {file = "cffi-1.16.0-cp312-cp312-win32.whl", hash = "sha256:b2ca4e77f9f47c55c194982e10f058db063937845bb2b7a86c84a6cfe0aefa8b"},
    {file = "cffi-1.16.0-cp312-cp312-win_amd64.whl", hash = "sha256:68678abf380b42ce21a5f2abde8efee05c114c2fdb2e9eef2efdb0257fba1235"},
    {file = "cffi-1.16.0.tar.gz", hash = "sha256:bcb3ef43e58665bbda2fb198698fcae6776483e0c4a631aa5647806c25e02cc0"},
]

[[package]]
name = "colorama"
version = "0.4.6"
requires_python = "!=3.0.*,!=3.1.*,!=3.2.*,!=3.3.*,!=3.4.*,!=3.5.*,!=3.6.*,>=2.7"
summary = "Cross-platform colored terminal text."
files = [
    {file = "colorama-0.4.6-py2.py3-none-any.whl", hash = "sha256:4f1d9991f5acc0ca119f9d443620b77f9d6b33703e51011c16baf57afb285fc6"},
    {file = "colorama-0.4.6.tar.gz", hash = "sha256:08695f5cb7ed6e0531a20572697297273c47b8cae5a63ffc6d6ed5c201be6e44"},
]

[[package]]
name = "cryptography"
version = "41.0.5"
requires_python = ">=3.7"
summary = "cryptography is a package which provides cryptographic recipes and primitives to Python developers."
dependencies = [
    "cffi>=1.12",
]
files = [
    {file = "cryptography-41.0.5-cp37-abi3-macosx_10_12_universal2.whl", hash = "sha256:da6a0ff8f1016ccc7477e6339e1d50ce5f59b88905585f77193ebd5068f1e797"},
    {file = "cryptography-41.0.5-cp37-abi3-macosx_10_12_x86_64.whl", hash = "sha256:b948e09fe5fb18517d99994184854ebd50b57248736fd4c720ad540560174ec5"},
    {file = "cryptography-41.0.5-cp37-abi3-manylinux_2_17_aarch64.manylinux2014_aarch64.whl", hash = "sha256:d38e6031e113b7421db1de0c1b1f7739564a88f1684c6b89234fbf6c11b75147"},
    {file = "cryptography-41.0.5-cp37-abi3-manylinux_2_17_x86_64.manylinux2014_x86_64.whl", hash = "sha256:e270c04f4d9b5671ebcc792b3ba5d4488bf7c42c3c241a3748e2599776f29696"},
    {file = "cryptography-41.0.5-cp37-abi3-manylinux_2_28_aarch64.whl", hash = "sha256:ec3b055ff8f1dce8e6ef28f626e0972981475173d7973d63f271b29c8a2897da"},
    {file = "cryptography-41.0.5-cp37-abi3-manylinux_2_28_x86_64.whl", hash = "sha256:7d208c21e47940369accfc9e85f0de7693d9a5d843c2509b3846b2db170dfd20"},
    {file = "cryptography-41.0.5-cp37-abi3-musllinux_1_1_aarch64.whl", hash = "sha256:8254962e6ba1f4d2090c44daf50a547cd5f0bf446dc658a8e5f8156cae0d8548"},
    {file = "cryptography-41.0.5-cp37-abi3-musllinux_1_1_x86_64.whl", hash = "sha256:a48e74dad1fb349f3dc1d449ed88e0017d792997a7ad2ec9587ed17405667e6d"},
    {file = "cryptography-41.0.5-cp37-abi3-win32.whl", hash = "sha256:d3977f0e276f6f5bf245c403156673db103283266601405376f075c849a0b936"},
    {file = "cryptography-41.0.5-cp37-abi3-win_amd64.whl", hash = "sha256:73801ac9736741f220e20435f84ecec75ed70eda90f781a148f1bad546963d81"},
    {file = "cryptography-41.0.5-pp310-pypy310_pp73-macosx_10_12_x86_64.whl", hash = "sha256:3be3ca726e1572517d2bef99a818378bbcf7d7799d5372a46c79c29eb8d166c1"},
    {file = "cryptography-41.0.5-pp310-pypy310_pp73-manylinux_2_28_aarch64.whl", hash = "sha256:e886098619d3815e0ad5790c973afeee2c0e6e04b4da90b88e6bd06e2a0b1b72"},
    {file = "cryptography-41.0.5-pp310-pypy310_pp73-manylinux_2_28_x86_64.whl", hash = "sha256:573eb7128cbca75f9157dcde974781209463ce56b5804983e11a1c462f0f4e88"},
    {file = "cryptography-41.0.5-pp310-pypy310_pp73-win_amd64.whl", hash = "sha256:0c327cac00f082013c7c9fb6c46b7cc9fa3c288ca702c74773968173bda421bf"},
    {file = "cryptography-41.0.5-pp38-pypy38_pp73-macosx_10_12_x86_64.whl", hash = "sha256:227ec057cd32a41c6651701abc0328135e472ed450f47c2766f23267b792a88e"},
    {file = "cryptography-41.0.5-pp38-pypy38_pp73-manylinux_2_28_aarch64.whl", hash = "sha256:22892cc830d8b2c89ea60148227631bb96a7da0c1b722f2aac8824b1b7c0b6b8"},
    {file = "cryptography-41.0.5-pp38-pypy38_pp73-manylinux_2_28_x86_64.whl", hash = "sha256:5a70187954ba7292c7876734183e810b728b4f3965fbe571421cb2434d279179"},
    {file = "cryptography-41.0.5-pp38-pypy38_pp73-win_amd64.whl", hash = "sha256:88417bff20162f635f24f849ab182b092697922088b477a7abd6664ddd82291d"},
    {file = "cryptography-41.0.5-pp39-pypy39_pp73-macosx_10_12_x86_64.whl", hash = "sha256:c707f7afd813478e2019ae32a7c49cd932dd60ab2d2a93e796f68236b7e1fbf1"},
    {file = "cryptography-41.0.5-pp39-pypy39_pp73-manylinux_2_28_aarch64.whl", hash = "sha256:580afc7b7216deeb87a098ef0674d6ee34ab55993140838b14c9b83312b37b86"},
    {file = "cryptography-41.0.5-pp39-pypy39_pp73-manylinux_2_28_x86_64.whl", hash = "sha256:fba1e91467c65fe64a82c689dc6cf58151158993b13eb7a7f3f4b7f395636723"},
    {file = "cryptography-41.0.5-pp39-pypy39_pp73-win_amd64.whl", hash = "sha256:0d2a6a598847c46e3e321a7aef8af1436f11c27f1254933746304ff014664d84"},
    {file = "cryptography-41.0.5.tar.gz", hash = "sha256:392cb88b597247177172e02da6b7a63deeff1937fa6fec3bbf902ebd75d97ec7"},
]

[[package]]
name = "dbutils"
version = "3.0.3"
summary = "Database connections for multi-threaded environments."
files = [
    {file = "DBUtils-3.0.3-py3-none-any.whl", hash = "sha256:fc162b564263354d99c585ba22ae5f094283dcfa1032f7e07e5f01815b976f1c"},
    {file = "DBUtils-3.0.3.tar.gz", hash = "sha256:8e48565b12ad2b4b1f214de0294deeb4b28578f5b2abb40d68c2924b64d7e007"},
]

[[package]]
name = "dnspython"
version = "2.4.2"
requires_python = ">=3.8,<4.0"
summary = "DNS toolkit"
files = [
    {file = "dnspython-2.4.2-py3-none-any.whl", hash = "sha256:57c6fbaaeaaf39c891292012060beb141791735dbb4004798328fc2c467402d8"},
    {file = "dnspython-2.4.2.tar.gz", hash = "sha256:8dcfae8c7460a2f84b4072e26f1c9f4101ca20c071649cb7c34e8b6a93d58984"},
]

[[package]]
name = "greenlet"
version = "3.0.1"
requires_python = ">=3.7"
summary = "Lightweight in-process concurrent programming"
files = [
    {file = "greenlet-3.0.1-cp311-cp311-macosx_10_9_universal2.whl", hash = "sha256:f7bfb769f7efa0eefcd039dd19d843a4fbfbac52f1878b1da2ed5793ec9b1a65"},
    {file = "greenlet-3.0.1-cp311-cp311-manylinux_2_17_aarch64.manylinux2014_aarch64.whl", hash = "sha256:91e6c7db42638dc45cf2e13c73be16bf83179f7859b07cfc139518941320be96"},
    {file = "greenlet-3.0.1-cp311-cp311-manylinux_2_17_ppc64le.manylinux2014_ppc64le.whl", hash = "sha256:1757936efea16e3f03db20efd0cd50a1c86b06734f9f7338a90c4ba85ec2ad5a"},
    {file = "greenlet-3.0.1-cp311-cp311-manylinux_2_17_s390x.manylinux2014_s390x.whl", hash = "sha256:19075157a10055759066854a973b3d1325d964d498a805bb68a1f9af4aaef8ec"},
    {file = "greenlet-3.0.1-cp311-cp311-manylinux_2_17_x86_64.manylinux2014_x86_64.whl", hash = "sha256:e9d21aaa84557d64209af04ff48e0ad5e28c5cca67ce43444e939579d085da72"},
    {file = "greenlet-3.0.1-cp311-cp311-manylinux_2_24_x86_64.manylinux_2_28_x86_64.whl", hash = "sha256:2847e5d7beedb8d614186962c3d774d40d3374d580d2cbdab7f184580a39d234"},
    {file = "greenlet-3.0.1-cp311-cp311-musllinux_1_1_aarch64.whl", hash = "sha256:97e7ac860d64e2dcba5c5944cfc8fa9ea185cd84061c623536154d5a89237884"},
    {file = "greenlet-3.0.1-cp311-cp311-musllinux_1_1_x86_64.whl", hash = "sha256:b2c02d2ad98116e914d4f3155ffc905fd0c025d901ead3f6ed07385e19122c94"},
    {file = "greenlet-3.0.1-cp311-cp311-win_amd64.whl", hash = "sha256:22f79120a24aeeae2b4471c711dcf4f8c736a2bb2fabad2a67ac9a55ea72523c"},
    {file = "greenlet-3.0.1-cp312-cp312-macosx_10_9_universal2.whl", hash = "sha256:100f78a29707ca1525ea47388cec8a049405147719f47ebf3895e7509c6446aa"},
    {file = "greenlet-3.0.1-cp312-cp312-manylinux_2_17_aarch64.manylinux2014_aarch64.whl", hash = "sha256:60d5772e8195f4e9ebf74046a9121bbb90090f6550f81d8956a05387ba139353"},
    {file = "greenlet-3.0.1-cp312-cp312-manylinux_2_17_ppc64le.manylinux2014_ppc64le.whl", hash = "sha256:daa7197b43c707462f06d2c693ffdbb5991cbb8b80b5b984007de431493a319c"},
    {file = "greenlet-3.0.1-cp312-cp312-manylinux_2_17_s390x.manylinux2014_s390x.whl", hash = "sha256:ea6b8aa9e08eea388c5f7a276fabb1d4b6b9d6e4ceb12cc477c3d352001768a9"},
    {file = "greenlet-3.0.1-cp312-cp312-manylinux_2_17_x86_64.manylinux2014_x86_64.whl", hash = "sha256:8d11ebbd679e927593978aa44c10fc2092bc454b7d13fdc958d3e9d508aba7d0"},
    {file = "greenlet-3.0.1-cp312-cp312-manylinux_2_24_x86_64.manylinux_2_28_x86_64.whl", hash = "sha256:dbd4c177afb8a8d9ba348d925b0b67246147af806f0b104af4d24f144d461cd5"},
    {file = "greenlet-3.0.1-cp312-cp312-musllinux_1_1_aarch64.whl", hash = "sha256:20107edf7c2c3644c67c12205dc60b1bb11d26b2610b276f97d666110d1b511d"},
    {file = "greenlet-3.0.1-cp312-cp312-musllinux_1_1_x86_64.whl", hash = "sha256:8bef097455dea90ffe855286926ae02d8faa335ed8e4067326257cb571fc1445"},
    {file = "greenlet-3.0.1-cp312-cp312-win_amd64.whl", hash = "sha256:b2d3337dcfaa99698aa2377c81c9ca72fcd89c07e7eb62ece3f23a3fe89b2ce4"},
    {file = "greenlet-3.0.1.tar.gz", hash = "sha256:816bd9488a94cba78d93e1abb58000e8266fa9cc2aa9ccdd6eb0696acb24005b"},
]

[[package]]
name = "iniconfig"
version = "2.0.0"
requires_python = ">=3.7"
summary = "brain-dead simple config-ini parsing"
files = [
    {file = "iniconfig-2.0.0-py3-none-any.whl", hash = "sha256:b6a85871a79d2e3b22d2d1b94ac2824226a63c6b741c88f7ae975f18b6778374"},
    {file = "iniconfig-2.0.0.tar.gz", hash = "sha256:2d91e135bf72d31a410b17c16da610a82cb55f6b0477d1a902134b24a455b8b3"},
]

[[package]]
name = "mako"
version = "1.2.4"
requires_python = ">=3.7"
summary = "A super-fast templating language that borrows the best ideas from the existing templating languages."
dependencies = [
    "MarkupSafe>=0.9.2",
]
files = [
    {file = "Mako-1.2.4-py3-none-any.whl", hash = "sha256:c97c79c018b9165ac9922ae4f32da095ffd3c4e6872b45eded42926deea46818"},
    {file = "Mako-1.2.4.tar.gz", hash = "sha256:d60a3903dc3bb01a18ad6a89cdbe2e4eadc69c0bc8ef1e3773ba53d44c3f7a34"},
]

[[package]]
name = "markupsafe"
version = "2.1.3"
requires_python = ">=3.7"
summary = "Safely add untrusted strings to HTML/XML markup."
files = [
    {file = "MarkupSafe-2.1.3-cp311-cp311-macosx_10_9_universal2.whl", hash = "sha256:ad9e82fb8f09ade1c3e1b996a6337afac2b8b9e365f926f5a61aacc71adc5b3c"},
    {file = "MarkupSafe-2.1.3-cp311-cp311-macosx_10_9_x86_64.whl", hash = "sha256:3c0fae6c3be832a0a0473ac912810b2877c8cb9d76ca48de1ed31e1c68386575"},
    {file = "MarkupSafe-2.1.3-cp311-cp311-manylinux_2_17_aarch64.manylinux2014_aarch64.whl", hash = "sha256:b076b6226fb84157e3f7c971a47ff3a679d837cf338547532ab866c57930dbee"},
    {file = "MarkupSafe-2.1.3-cp311-cp311-manylinux_2_17_x86_64.manylinux2014_x86_64.whl", hash = "sha256:bfce63a9e7834b12b87c64d6b155fdd9b3b96191b6bd334bf37db7ff1fe457f2"},
    {file = "MarkupSafe-2.1.3-cp311-cp311-manylinux_2_5_i686.manylinux1_i686.manylinux_2_17_i686.manylinux2014_i686.whl", hash = "sha256:338ae27d6b8745585f87218a3f23f1512dbf52c26c28e322dbe54bcede54ccb9"},
    {file = "MarkupSafe-2.1.3-cp311-cp311-musllinux_1_1_aarch64.whl", hash = "sha256:e4dd52d80b8c83fdce44e12478ad2e85c64ea965e75d66dbeafb0a3e77308fcc"},
    {file = "MarkupSafe-2.1.3-cp311-cp311-musllinux_1_1_i686.whl", hash = "sha256:df0be2b576a7abbf737b1575f048c23fb1d769f267ec4358296f31c2479db8f9"},
    {file = "MarkupSafe-2.1.3-cp311-cp311-musllinux_1_1_x86_64.whl", hash = "sha256:5bbe06f8eeafd38e5d0a4894ffec89378b6c6a625ff57e3028921f8ff59318ac"},
    {file = "MarkupSafe-2.1.3-cp311-cp311-win32.whl", hash = "sha256:dd15ff04ffd7e05ffcb7fe79f1b98041b8ea30ae9234aed2a9168b5797c3effb"},
    {file = "MarkupSafe-2.1.3-cp311-cp311-win_amd64.whl", hash = "sha256:134da1eca9ec0ae528110ccc9e48041e0828d79f24121a1a146161103c76e686"},
    {file = "MarkupSafe-2.1.3-cp312-cp312-macosx_10_9_universal2.whl", hash = "sha256:f698de3fd0c4e6972b92290a45bd9b1536bffe8c6759c62471efaa8acb4c37bc"},
    {file = "MarkupSafe-2.1.3-cp312-cp312-macosx_10_9_x86_64.whl", hash = "sha256:aa57bd9cf8ae831a362185ee444e15a93ecb2e344c8e52e4d721ea3ab6ef1823"},
    {file = "MarkupSafe-2.1.3-cp312-cp312-manylinux_2_17_aarch64.manylinux2014_aarch64.whl", hash = "sha256:ffcc3f7c66b5f5b7931a5aa68fc9cecc51e685ef90282f4a82f0f5e9b704ad11"},
    {file = "MarkupSafe-2.1.3-cp312-cp312-manylinux_2_17_x86_64.manylinux2014_x86_64.whl", hash = "sha256:47d4f1c5f80fc62fdd7777d0d40a2e9dda0a05883ab11374334f6c4de38adffd"},
    {file = "MarkupSafe-2.1.3-cp312-cp312-manylinux_2_5_i686.manylinux1_i686.manylinux_2_17_i686.manylinux2014_i686.whl", hash = "sha256:1f67c7038d560d92149c060157d623c542173016c4babc0c1913cca0564b9939"},
    {file = "MarkupSafe-2.1.3-cp312-cp312-musllinux_1_1_aarch64.whl", hash = "sha256:9aad3c1755095ce347e26488214ef77e0485a3c34a50c5a5e2471dff60b9dd9c"},
    {file = "MarkupSafe-2.1.3-cp312-cp312-musllinux_1_1_i686.whl", hash = "sha256:14ff806850827afd6b07a5f32bd917fb7f45b046ba40c57abdb636674a8b559c"},
    {file = "MarkupSafe-2.1.3-cp312-cp312-musllinux_1_1_x86_64.whl", hash = "sha256:8f9293864fe09b8149f0cc42ce56e3f0e54de883a9de90cd427f191c346eb2e1"},
    {file = "MarkupSafe-2.1.3-cp312-cp312-win32.whl", hash = "sha256:715d3562f79d540f251b99ebd6d8baa547118974341db04f5ad06d5ea3eb8007"},
    {file = "MarkupSafe-2.1.3-cp312-cp312-win_amd64.whl", hash = "sha256:1b8dd8c3fd14349433c79fa8abeb573a55fc0fdd769133baac1f5e07abf54aeb"},
    {file = "MarkupSafe-2.1.3.tar.gz", hash = "sha256:af598ed32d6ae86f1b747b82783958b1a4ab8f617b06fe68795c7f026abbdcad"},
]

[[package]]
name = "mypy"
version = "1.6.1"
requires_python = ">=3.8"
summary = "Optional static typing for Python"
dependencies = [
    "mypy-extensions>=1.0.0",
    "typing-extensions>=4.1.0",
]
files = [
    {file = "mypy-1.6.1-cp311-cp311-macosx_10_9_x86_64.whl", hash = "sha256:81af8adaa5e3099469e7623436881eff6b3b06db5ef75e6f5b6d4871263547e5"},
    {file = "mypy-1.6.1-cp311-cp311-macosx_11_0_arm64.whl", hash = "sha256:8c223fa57cb154c7eab5156856c231c3f5eace1e0bed9b32a24696b7ba3c3245"},
    {file = "mypy-1.6.1-cp311-cp311-manylinux_2_17_x86_64.manylinux2014_x86_64.whl", hash = "sha256:a8032e00ce71c3ceb93eeba63963b864bf635a18f6c0c12da6c13c450eedb183"},
    {file = "mypy-1.6.1-cp311-cp311-musllinux_1_1_x86_64.whl", hash = "sha256:4c46b51de523817a0045b150ed11b56f9fff55f12b9edd0f3ed35b15a2809de0"},
    {file = "mypy-1.6.1-cp311-cp311-win_amd64.whl", hash = "sha256:19f905bcfd9e167159b3d63ecd8cb5e696151c3e59a1742e79bc3bcb540c42c7"},
    {file = "mypy-1.6.1-cp312-cp312-macosx_10_9_x86_64.whl", hash = "sha256:82e469518d3e9a321912955cc702d418773a2fd1e91c651280a1bda10622f02f"},
    {file = "mypy-1.6.1-cp312-cp312-macosx_11_0_arm64.whl", hash = "sha256:d4473c22cc296425bbbce7e9429588e76e05bc7342da359d6520b6427bf76660"},
    {file = "mypy-1.6.1-cp312-cp312-manylinux_2_17_x86_64.manylinux2014_x86_64.whl", hash = "sha256:59a0d7d24dfb26729e0a068639a6ce3500e31d6655df8557156c51c1cb874ce7"},
    {file = "mypy-1.6.1-cp312-cp312-musllinux_1_1_x86_64.whl", hash = "sha256:cfd13d47b29ed3bbaafaff7d8b21e90d827631afda134836962011acb5904b71"},
    {file = "mypy-1.6.1-cp312-cp312-win_amd64.whl", hash = "sha256:eb4f18589d196a4cbe5290b435d135dee96567e07c2b2d43b5c4621b6501531a"},
    {file = "mypy-1.6.1-py3-none-any.whl", hash = "sha256:4cbe68ef919c28ea561165206a2dcb68591c50f3bcf777932323bc208d949cf1"},
    {file = "mypy-1.6.1.tar.gz", hash = "sha256:4d01c00d09a0be62a4ca3f933e315455bde83f37f892ba4b08ce92f3cf44bcc1"},
]

[[package]]
name = "mypy-extensions"
version = "1.0.0"
requires_python = ">=3.5"
summary = "Type system extensions for programs checked with the mypy type checker."
files = [
    {file = "mypy_extensions-1.0.0-py3-none-any.whl", hash = "sha256:4392f6c0eb8a5668a69e23d168ffa70f0be9ccfd32b5cc2d26a34ae5b844552d"},
    {file = "mypy_extensions-1.0.0.tar.gz", hash = "sha256:75dbf8955dc00442a438fc4d0666508a9a97b6bd41aa2f0ffe9d2f2725af0782"},
]

[[package]]
name = "packaging"
version = "23.2"
requires_python = ">=3.7"
summary = "Core utilities for Python packages"
files = [
    {file = "packaging-23.2-py3-none-any.whl", hash = "sha256:8c491190033a9af7e1d931d0b5dacc2ef47509b34dd0de67ed209b5203fc88c7"},
    {file = "packaging-23.2.tar.gz", hash = "sha256:048fb0e9405036518eaaf48a55953c750c11e1a1b68e0dd1a9d62ed0c092cfc5"},
]

[[package]]
name = "pluggy"
version = "1.3.0"
requires_python = ">=3.8"
summary = "plugin and hook calling mechanisms for python"
files = [
    {file = "pluggy-1.3.0-py3-none-any.whl", hash = "sha256:d89c696a773f8bd377d18e5ecda92b7a3793cbe66c87060a6fb58c7b6e1061f7"},
    {file = "pluggy-1.3.0.tar.gz", hash = "sha256:cf61ae8f126ac6f7c451172cf30e3e43d3ca77615509771b3a984a0730651e12"},
]

[[package]]
name = "pycodestyle"
version = "2.11.1"
requires_python = ">=3.8"
summary = "Python style guide checker"
files = [
    {file = "pycodestyle-2.11.1-py2.py3-none-any.whl", hash = "sha256:44fe31000b2d866f2e41841b18528a505fbd7fef9017b04eff4e2648a0fadc67"},
    {file = "pycodestyle-2.11.1.tar.gz", hash = "sha256:41ba0e7afc9752dfb53ced5489e89f8186be00e599e712660695b7a75ff2663f"},
]

[[package]]
name = "pycparser"
version = "2.21"
requires_python = ">=2.7, !=3.0.*, !=3.1.*, !=3.2.*, !=3.3.*"
summary = "C parser in Python"
files = [
    {file = "pycparser-2.21-py2.py3-none-any.whl", hash = "sha256:8ee45429555515e1f6b185e78100aea234072576aa43ab53aefcae078162fca9"},
    {file = "pycparser-2.21.tar.gz", hash = "sha256:e644fdec12f7872f86c58ff790da456218b10f863970249516d60a5eaca77206"},
]

[[package]]
name = "pymongo"
version = "4.6.0"
requires_python = ">=3.7"
summary = "Python driver for MongoDB <http://www.mongodb.org>"
dependencies = [
    "dnspython<3.0.0,>=1.16.0",
]
files = [
    {file = "pymongo-4.6.0-cp311-cp311-macosx_10_9_universal2.whl", hash = "sha256:ba51129fcc510824b6ca6e2ce1c27e3e4d048b6e35d3ae6f7e517bed1b8b25ce"},
    {file = "pymongo-4.6.0-cp311-cp311-manylinux_2_17_aarch64.manylinux2014_aarch64.whl", hash = "sha256:2973f113e079fb98515722cd728e1820282721ec9fd52830e4b73cabdbf1eb28"},
    {file = "pymongo-4.6.0-cp311-cp311-manylinux_2_17_ppc64le.manylinux2014_ppc64le.whl", hash = "sha256:af425f323fce1b07755edd783581e7283557296946212f5b1a934441718e7528"},
    {file = "pymongo-4.6.0-cp311-cp311-manylinux_2_17_s390x.manylinux2014_s390x.whl", hash = "sha256:1ec71ac633b126c0775ed4604ca8f56c3540f5c21a1220639f299e7a544b55f9"},
    {file = "pymongo-4.6.0-cp311-cp311-manylinux_2_17_x86_64.manylinux2014_x86_64.whl", hash = "sha256:3ec6c20385c5a58e16b1ea60c5e4993ea060540671d7d12664f385f2fb32fe79"},
    {file = "pymongo-4.6.0-cp311-cp311-manylinux_2_5_i686.manylinux1_i686.manylinux_2_17_i686.manylinux2014_i686.whl", hash = "sha256:85f2cdc400ee87f5952ebf2a117488f2525a3fb2e23863a8efe3e4ee9e54e4d1"},
    {file = "pymongo-4.6.0-cp311-cp311-win32.whl", hash = "sha256:7fc2bb8a74dcfcdd32f89528e38dcbf70a3a6594963d60dc9595e3b35b66e414"},
    {file = "pymongo-4.6.0-cp311-cp311-win_amd64.whl", hash = "sha256:6695d7136a435c1305b261a9ddb9b3ecec9863e05aab3935b96038145fd3a977"},
    {file = "pymongo-4.6.0-cp312-cp312-macosx_10_9_universal2.whl", hash = "sha256:d603edea1ff7408638b2504905c032193b7dcee7af269802dbb35bc8c3310ed5"},
    {file = "pymongo-4.6.0-cp312-cp312-manylinux_2_17_aarch64.manylinux2014_aarch64.whl", hash = "sha256:79f41576b3022c2fe9780ae3e44202b2438128a25284a8ddfa038f0785d87019"},
    {file = "pymongo-4.6.0-cp312-cp312-manylinux_2_17_ppc64le.manylinux2014_ppc64le.whl", hash = "sha256:49f2af6cf82509b15093ce3569229e0d53c90ad8ae2eef940652d4cf1f81e045"},
    {file = "pymongo-4.6.0-cp312-cp312-manylinux_2_17_s390x.manylinux2014_s390x.whl", hash = "sha256:ecd9e1fa97aa11bf67472220285775fa15e896da108f425e55d23d7540a712ce"},
    {file = "pymongo-4.6.0-cp312-cp312-manylinux_2_17_x86_64.manylinux2014_x86_64.whl", hash = "sha256:2d2be5c9c3488fa8a70f83ed925940f488eac2837a996708d98a0e54a861f212"},
    {file = "pymongo-4.6.0-cp312-cp312-manylinux_2_5_i686.manylinux1_i686.manylinux_2_17_i686.manylinux2014_i686.whl", hash = "sha256:8ab6bcc8e424e07c1d4ba6df96f7fb963bcb48f590b9456de9ebd03b88084fe8"},
    {file = "pymongo-4.6.0-cp312-cp312-win32.whl", hash = "sha256:47aa128be2e66abd9d1a9b0437c62499d812d291f17b55185cb4aa33a5f710a4"},
    {file = "pymongo-4.6.0-cp312-cp312-win_amd64.whl", hash = "sha256:014e7049dd019a6663747ca7dae328943e14f7261f7c1381045dfc26a04fa330"},
    {file = "pymongo-4.6.0.tar.gz", hash = "sha256:fb1c56d891f9e34303c451998ef62ba52659648bb0d75b03c5e4ac223a3342c2"},
]

[[package]]
name = "pymysql"
version = "1.1.0"
requires_python = ">=3.7"
summary = "Pure Python MySQL Driver"
files = [
    {file = "PyMySQL-1.1.0-py3-none-any.whl", hash = "sha256:8969ec6d763c856f7073c4c64662882675702efcb114b4bcbb955aea3a069fa7"},
    {file = "PyMySQL-1.1.0.tar.gz", hash = "sha256:4f13a7df8bf36a51e81dd9f3605fede45a4878fe02f9236349fd82a3f0612f96"},
]

[[package]]
name = "pytest"
version = "7.4.3"
requires_python = ">=3.7"
summary = "pytest: simple powerful testing with Python"
dependencies = [
    "colorama; sys_platform == \"win32\"",
    "iniconfig",
    "packaging",
    "pluggy<2.0,>=0.12",
]
files = [
    {file = "pytest-7.4.3-py3-none-any.whl", hash = "sha256:0d009c083ea859a71b76adf7c1d502e4bc170b80a8ef002da5806527b9591fac"},
    {file = "pytest-7.4.3.tar.gz", hash = "sha256:d989d136982de4e3b29dabcc838ad581c64e8ed52c11fbe86ddebd9da0818cd5"},
]

[[package]]
name = "sqlalchemy"
version = "2.0.22"
requires_python = ">=3.7"
summary = "Database Abstraction Library"
dependencies = [
    "greenlet!=0.4.17; platform_machine == \"aarch64\" or (platform_machine == \"ppc64le\" or (platform_machine == \"x86_64\" or (platform_machine == \"amd64\" or (platform_machine == \"AMD64\" or (platform_machine == \"win32\" or platform_machine == \"WIN32\")))))",
    "typing-extensions>=4.2.0",
]
files = [
    {file = "SQLAlchemy-2.0.22-cp311-cp311-macosx_10_9_x86_64.whl", hash = "sha256:4f6ff392b27a743c1ad346d215655503cec64405d3b694228b3454878bf21590"},
    {file = "SQLAlchemy-2.0.22-cp311-cp311-macosx_11_0_arm64.whl", hash = "sha256:f776c2c30f0e5f4db45c3ee11a5f2a8d9de68e81eb73ec4237de1e32e04ae81c"},
    {file = "SQLAlchemy-2.0.22-cp311-cp311-manylinux_2_17_aarch64.manylinux2014_aarch64.whl", hash = "sha256:c8f1792d20d2f4e875ce7a113f43c3561ad12b34ff796b84002a256f37ce9437"},
    {file = "SQLAlchemy-2.0.22-cp311-cp311-manylinux_2_17_x86_64.manylinux2014_x86_64.whl", hash = "sha256:d80eeb5189d7d4b1af519fc3f148fe7521b9dfce8f4d6a0820e8f5769b005051"},
    {file = "SQLAlchemy-2.0.22-cp311-cp311-musllinux_1_1_aarch64.whl", hash = "sha256:69fd9e41cf9368afa034e1c81f3570afb96f30fcd2eb1ef29cb4d9371c6eece2"},
    {file = "SQLAlchemy-2.0.22-cp311-cp311-musllinux_1_1_x86_64.whl", hash = "sha256:54bcceaf4eebef07dadfde424f5c26b491e4a64e61761dea9459103ecd6ccc95"},
    {file = "SQLAlchemy-2.0.22-cp311-cp311-win32.whl", hash = "sha256:7ee7ccf47aa503033b6afd57efbac6b9e05180f492aeed9fcf70752556f95624"},
    {file = "SQLAlchemy-2.0.22-cp311-cp311-win_amd64.whl", hash = "sha256:b560f075c151900587ade06706b0c51d04b3277c111151997ea0813455378ae0"},
    {file = "SQLAlchemy-2.0.22-cp312-cp312-macosx_10_9_x86_64.whl", hash = "sha256:2c9bac865ee06d27a1533471405ad240a6f5d83195eca481f9fc4a71d8b87df8"},
    {file = "SQLAlchemy-2.0.22-cp312-cp312-macosx_11_0_arm64.whl", hash = "sha256:625b72d77ac8ac23da3b1622e2da88c4aedaee14df47c8432bf8f6495e655de2"},
    {file = "SQLAlchemy-2.0.22-cp312-cp312-manylinux_2_17_aarch64.manylinux2014_aarch64.whl", hash = "sha256:b39a6e21110204a8c08d40ff56a73ba542ec60bab701c36ce721e7990df49fb9"},
    {file = "SQLAlchemy-2.0.22-cp312-cp312-manylinux_2_17_x86_64.manylinux2014_x86_64.whl", hash = "sha256:53a766cb0b468223cafdf63e2d37f14a4757476157927b09300c8c5832d88560"},
    {file = "SQLAlchemy-2.0.22-cp312-cp312-musllinux_1_1_aarch64.whl", hash = "sha256:0e1ce8ebd2e040357dde01a3fb7d30d9b5736b3e54a94002641dfd0aa12ae6ce"},
    {file = "SQLAlchemy-2.0.22-cp312-cp312-musllinux_1_1_x86_64.whl", hash = "sha256:505f503763a767556fa4deae5194b2be056b64ecca72ac65224381a0acab7ebe"},
    {file = "SQLAlchemy-2.0.22-cp312-cp312-win32.whl", hash = "sha256:154a32f3c7b00de3d090bc60ec8006a78149e221f1182e3edcf0376016be9396"},
    {file = "SQLAlchemy-2.0.22-cp312-cp312-win_amd64.whl", hash = "sha256:129415f89744b05741c6f0b04a84525f37fbabe5dc3774f7edf100e7458c48cd"},
    {file = "SQLAlchemy-2.0.22-py3-none-any.whl", hash = "sha256:3076740335e4aaadd7deb3fe6dcb96b3015f1613bd190a4e1634e1b99b02ec86"},
    {file = "SQLAlchemy-2.0.22.tar.gz", hash = "sha256:5434cc601aa17570d79e5377f5fd45ff92f9379e2abed0be5e8c2fba8d353d2b"},
]

[[package]]
name = "typing-extensions"
version = "4.8.0"
requires_python = ">=3.8"
summary = "Backported and Experimental Type Hints for Python 3.8+"
files = [
    {file = "typing_extensions-4.8.0-py3-none-any.whl", hash = "sha256:8f92fc8806f9a6b641eaa5318da32b44d401efaac0f6678c9bc448ba3605faa0"},
    {file = "typing_extensions-4.8.0.tar.gz", hash = "sha256:df8e4339e9cb77357558cbdbceca33c303714cf861d1eef15e1070055ae8b7ef"},
]
