# This file is @generated by PDM.
# It is not intended for manual editing.

[metadata]
groups = ["default"]
strategy = ["inherit_metadata"]
lock_version = "4.5.0"
content_hash = "sha256:93d4ead22d3ea4bb10ba50e1424740657b87c2bf1cc385851e17813ee76db73b"

[[metadata.targets]]
requires_python = ">=3.13"

[[package]]
name = "pdm-lib"
version = "0.1.0"
requires_python = ">=3.13"
path = "../lib"
summary = ""
groups = ["default"]
